
Microsoft Visual Studio Solution File, Format Version 12.00
# Visual Studio Version 17
VisualStudioVersion = 17.2.32616.157
MinimumVisualStudioVersion = 10.0.40219.1
Project("{FAE04EC0-301F-11D3-BF4B-00C04F79EFBC}") = "ToDoWebApp", "ToDoWebApp\ToDoWebApp.csproj", "{5E2CCADA-5AFC-44FB-A53A-CF4FEE17F66C}"
EndProject
Project("{FAE04EC0-301F-11D3-BF4B-00C04F79EFBC}") = "todo-domain-entities", "todo-domain-entities\todo-domain-entities.csproj", "{64A45DEE-0A6B-4D96-AFDF-A0258130BFC4}"
EndProject
Global
	GlobalSection(SolutionConfigurationPlatforms) = preSolution
		Debug|Any CPU = Debug|Any CPU
		Release|Any CPU = Release|Any CPU
	EndGlobalSection
	GlobalSection(ProjectConfigurationPlatforms) = postSolution
		{5E2CCADA-5AFC-44FB-A53A-CF4FEE17F66C}.Debug|Any CPU.ActiveCfg = Debug|Any CPU
		{5E2CCADA-5AFC-44FB-A53A-CF4FEE17F66C}.Debug|Any CPU.Build.0 = Debug|Any CPU
		{5E2CCADA-5AFC-44FB-A53A-CF4FEE17F66C}.Release|Any CPU.ActiveCfg = Release|Any CPU
		{5E2CCADA-5AFC-44FB-A53A-CF4FEE17F66C}.Release|Any CPU.Build.0 = Release|Any CPU
		{64A45DEE-0A6B-4D96-AFDF-A0258130BFC4}.Debug|Any CPU.ActiveCfg = Debug|Any CPU
		{64A45DEE-0A6B-4D96-AFDF-A0258130BFC4}.Debug|Any CPU.Build.0 = Debug|Any CPU
		{64A45DEE-0A6B-4D96-AFDF-A0258130BFC4}.Release|Any CPU.ActiveCfg = Release|Any CPU
		{64A45DEE-0A6B-4D96-AFDF-A0258130BFC4}.Release|Any CPU.Build.0 = Release|Any CPU
	EndGlobalSection
	GlobalSection(SolutionProperties) = preSolution
		HideSolutionNode = FALSE
	EndGlobalSection
	GlobalSection(ExtensibilityGlobals) = postSolution
		SolutionGuid = {0B460406-1C16-4589-A7BB-8F555DB03BDE}
	EndGlobalSection
EndGlobal
